
Microsoft Visual Studio Solution File, Format Version 12.00
# Visual Studio Version 16
VisualStudioVersion = 16.0.29806.167
MinimumVisualStudioVersion = 10.0.40219.1
Project("{2150E333-8FDC-42A3-9474-1A3956D46DE8}") = "Domain", "Domain", "{E905C8FC-65C2-4200-9B71-594B5EA83BD4}"
EndProject
Project("{2150E333-8FDC-42A3-9474-1A3956D46DE8}") = "Services", "Services", "{C6232015-7650-4111-A276-BB1B947124F9}"
EndProject
Project("{2150E333-8FDC-42A3-9474-1A3956D46DE8}") = "Data", "Data", "{B2AA3986-F9BE-4A5A-A512-363D01E980FB}"
EndProject
Project("{2150E333-8FDC-42A3-9474-1A3956D46DE8}") = "Apps", "Apps", "{8FE086CE-F36E-4C43-9FC9-AEDADB0DD7A6}"
EndProject
Project("{2150E333-8FDC-42A3-9474-1A3956D46DE8}") = "WebAPI", "WebAPI", "{82CFE2EB-7391-4F8A-96D4-7778E84FA08A}"
EndProject
Project("{2150E333-8FDC-42A3-9474-1A3956D46DE8}") = "Infrastructure", "Infrastructure", "{9B609C1B-1B53-43E6-AF5D-1F574B03736C}"
EndProject
Project("{9A19103F-16F7-4668-BE54-9A1E7A4F7556}") = "sdLitica.Utils", "Infrastructure\sdLitica.Utils\sdLitica.Utils.csproj", "{66E5D613-7247-4D33-A953-A93680D0EB9C}"
EndProject
Project("{9A19103F-16F7-4668-BE54-9A1E7A4F7556}") = "sdLitica.Exceptions", "Infrastructure\sdLitica.Exceptions\sdLitica.Exceptions.csproj", "{2EAE031B-B5DE-4F7C-9220-C67254C40B0F}"
EndProject
Project("{9A19103F-16F7-4668-BE54-9A1E7A4F7556}") = "sdLitica.PlatformCore", "Services\sdLitica.PlatformCore\sdLitica.PlatformCore.csproj", "{2FE3698D-14B5-4C87-B9F1-AC659D94BD59}"
EndProject
Project("{9A19103F-16F7-4668-BE54-9A1E7A4F7556}") = "sdLitica.PlatformCore.Test", "Services\sdLitica.PlatformCore.Test\sdLitica.PlatformCore.Test.csproj", "{75EECF4F-ADF4-42D8-8285-4D48B7F566CD}"
EndProject
Project("{9A19103F-16F7-4668-BE54-9A1E7A4F7556}") = "sdLitica.Relational", "Data\sdLitica.Relational\sdLitica.Relational.csproj", "{A0D5D89A-9692-4AF5-B5C2-14F144BFF15C}"
EndProject
Project("{9A19103F-16F7-4668-BE54-9A1E7A4F7556}") = "sdLitica.Entities", "Domain\sdLitica.Entities\sdLitica.Entities.csproj", "{56E49FC4-9C09-44AE-9820-4E0ADE129379}"
EndProject
Project("{2150E333-8FDC-42A3-9474-1A3956D46DE8}") = "Bootstrap", "Bootstrap", "{43CCE94F-48AA-4818-8538-C085083E9D5E}"
EndProject
Project("{9A19103F-16F7-4668-BE54-9A1E7A4F7556}") = "sdLitica.Bootstrap", "Infrastructure\Bootstrap\sdLitica.Management.Bootstrap\sdLitica.Bootstrap.csproj", "{68CC8F01-EF93-4BE9-8E66-D5F4B9BE93E6}"
EndProject
Project("{9A19103F-16F7-4668-BE54-9A1E7A4F7556}") = "sdLitica.TimeSeries", "Data\sdLitica.TimeSeries\sdLitica.TimeSeries.csproj", "{C42187ED-E7F4-44F9-95D7-BEA846479AD0}"
EndProject
Project("{9A19103F-16F7-4668-BE54-9A1E7A4F7556}") = "sdLitica.Messages", "Data\sdLitica.Messages\sdLitica.Messages.csproj", "{BDBDA307-30F1-4861-BF36-E9A7DC1D578C}"
EndProject
Project("{9A19103F-16F7-4668-BE54-9A1E7A4F7556}") = "sdLitica.Events", "Domain\sdLitica.Events\sdLitica.Events.csproj", "{F4410068-D75B-4355-9AB0-2D2BF3390CA0}"
EndProject
Project("{9A19103F-16F7-4668-BE54-9A1E7A4F7556}") = "sdLitica.WebAPI", "Apps\WebAPI\sdLitica.WebAPI\sdLitica.WebAPI.csproj", "{FFB973B4-CA38-4DCC-9EC5-12805EF5AFC5}"
EndProject
Project("{F2A71F9B-5D33-465A-A702-920D77279786}") = "Analysis", "Services\Analysis\Analysis.fsproj", "{FA717AA1-0D31-4907-8767-1B52076CECB3}"
EndProject
Global
	GlobalSection(SolutionConfigurationPlatforms) = preSolution
		Debug|Any CPU = Debug|Any CPU
		Release|Any CPU = Release|Any CPU
	EndGlobalSection
	GlobalSection(ProjectConfigurationPlatforms) = postSolution
		{66E5D613-7247-4D33-A953-A93680D0EB9C}.Debug|Any CPU.ActiveCfg = Debug|Any CPU
		{66E5D613-7247-4D33-A953-A93680D0EB9C}.Debug|Any CPU.Build.0 = Debug|Any CPU
		{66E5D613-7247-4D33-A953-A93680D0EB9C}.Release|Any CPU.ActiveCfg = Release|Any CPU
		{66E5D613-7247-4D33-A953-A93680D0EB9C}.Release|Any CPU.Build.0 = Release|Any CPU
		{2EAE031B-B5DE-4F7C-9220-C67254C40B0F}.Debug|Any CPU.ActiveCfg = Debug|Any CPU
		{2EAE031B-B5DE-4F7C-9220-C67254C40B0F}.Debug|Any CPU.Build.0 = Debug|Any CPU
		{2EAE031B-B5DE-4F7C-9220-C67254C40B0F}.Release|Any CPU.ActiveCfg = Release|Any CPU
		{2EAE031B-B5DE-4F7C-9220-C67254C40B0F}.Release|Any CPU.Build.0 = Release|Any CPU
		{2FE3698D-14B5-4C87-B9F1-AC659D94BD59}.Debug|Any CPU.ActiveCfg = Debug|Any CPU
		{2FE3698D-14B5-4C87-B9F1-AC659D94BD59}.Debug|Any CPU.Build.0 = Debug|Any CPU
		{2FE3698D-14B5-4C87-B9F1-AC659D94BD59}.Release|Any CPU.ActiveCfg = Release|Any CPU
		{2FE3698D-14B5-4C87-B9F1-AC659D94BD59}.Release|Any CPU.Build.0 = Release|Any CPU
		{75EECF4F-ADF4-42D8-8285-4D48B7F566CD}.Debug|Any CPU.ActiveCfg = Debug|Any CPU
		{75EECF4F-ADF4-42D8-8285-4D48B7F566CD}.Debug|Any CPU.Build.0 = Debug|Any CPU
		{75EECF4F-ADF4-42D8-8285-4D48B7F566CD}.Release|Any CPU.ActiveCfg = Release|Any CPU
		{75EECF4F-ADF4-42D8-8285-4D48B7F566CD}.Release|Any CPU.Build.0 = Release|Any CPU
		{A0D5D89A-9692-4AF5-B5C2-14F144BFF15C}.Debug|Any CPU.ActiveCfg = Debug|Any CPU
		{A0D5D89A-9692-4AF5-B5C2-14F144BFF15C}.Debug|Any CPU.Build.0 = Debug|Any CPU
		{A0D5D89A-9692-4AF5-B5C2-14F144BFF15C}.Release|Any CPU.ActiveCfg = Release|Any CPU
		{A0D5D89A-9692-4AF5-B5C2-14F144BFF15C}.Release|Any CPU.Build.0 = Release|Any CPU
		{56E49FC4-9C09-44AE-9820-4E0ADE129379}.Debug|Any CPU.ActiveCfg = Debug|Any CPU
		{56E49FC4-9C09-44AE-9820-4E0ADE129379}.Debug|Any CPU.Build.0 = Debug|Any CPU
		{56E49FC4-9C09-44AE-9820-4E0ADE129379}.Release|Any CPU.ActiveCfg = Release|Any CPU
		{56E49FC4-9C09-44AE-9820-4E0ADE129379}.Release|Any CPU.Build.0 = Release|Any CPU
		{68CC8F01-EF93-4BE9-8E66-D5F4B9BE93E6}.Debug|Any CPU.ActiveCfg = Debug|Any CPU
		{68CC8F01-EF93-4BE9-8E66-D5F4B9BE93E6}.Debug|Any CPU.Build.0 = Debug|Any CPU
		{68CC8F01-EF93-4BE9-8E66-D5F4B9BE93E6}.Release|Any CPU.ActiveCfg = Release|Any CPU
		{68CC8F01-EF93-4BE9-8E66-D5F4B9BE93E6}.Release|Any CPU.Build.0 = Release|Any CPU
		{C42187ED-E7F4-44F9-95D7-BEA846479AD0}.Debug|Any CPU.ActiveCfg = Debug|Any CPU
		{C42187ED-E7F4-44F9-95D7-BEA846479AD0}.Debug|Any CPU.Build.0 = Debug|Any CPU
		{C42187ED-E7F4-44F9-95D7-BEA846479AD0}.Release|Any CPU.ActiveCfg = Release|Any CPU
		{C42187ED-E7F4-44F9-95D7-BEA846479AD0}.Release|Any CPU.Build.0 = Release|Any CPU
		{BDBDA307-30F1-4861-BF36-E9A7DC1D578C}.Debug|Any CPU.ActiveCfg = Debug|Any CPU
		{BDBDA307-30F1-4861-BF36-E9A7DC1D578C}.Debug|Any CPU.Build.0 = Debug|Any CPU
		{BDBDA307-30F1-4861-BF36-E9A7DC1D578C}.Release|Any CPU.ActiveCfg = Release|Any CPU
		{BDBDA307-30F1-4861-BF36-E9A7DC1D578C}.Release|Any CPU.Build.0 = Release|Any CPU
		{F4410068-D75B-4355-9AB0-2D2BF3390CA0}.Debug|Any CPU.ActiveCfg = Debug|Any CPU
		{F4410068-D75B-4355-9AB0-2D2BF3390CA0}.Debug|Any CPU.Build.0 = Debug|Any CPU
		{F4410068-D75B-4355-9AB0-2D2BF3390CA0}.Release|Any CPU.ActiveCfg = Release|Any CPU
		{F4410068-D75B-4355-9AB0-2D2BF3390CA0}.Release|Any CPU.Build.0 = Release|Any CPU
		{FFB973B4-CA38-4DCC-9EC5-12805EF5AFC5}.Debug|Any CPU.ActiveCfg = Debug|Any CPU
		{FFB973B4-CA38-4DCC-9EC5-12805EF5AFC5}.Debug|Any CPU.Build.0 = Debug|Any CPU
		{FFB973B4-CA38-4DCC-9EC5-12805EF5AFC5}.Release|Any CPU.ActiveCfg = Release|Any CPU
		{FFB973B4-CA38-4DCC-9EC5-12805EF5AFC5}.Release|Any CPU.Build.0 = Release|Any CPU
		{FA717AA1-0D31-4907-8767-1B52076CECB3}.Debug|Any CPU.ActiveCfg = Debug|Any CPU
		{FA717AA1-0D31-4907-8767-1B52076CECB3}.Debug|Any CPU.Build.0 = Debug|Any CPU
		{FA717AA1-0D31-4907-8767-1B52076CECB3}.Release|Any CPU.ActiveCfg = Release|Any CPU
		{FA717AA1-0D31-4907-8767-1B52076CECB3}.Release|Any CPU.Build.0 = Release|Any CPU
	EndGlobalSection
	GlobalSection(SolutionProperties) = preSolution
		HideSolutionNode = FALSE
	EndGlobalSection
	GlobalSection(NestedProjects) = preSolution
		{82CFE2EB-7391-4F8A-96D4-7778E84FA08A} = {8FE086CE-F36E-4C43-9FC9-AEDADB0DD7A6}
		{66E5D613-7247-4D33-A953-A93680D0EB9C} = {9B609C1B-1B53-43E6-AF5D-1F574B03736C}
		{2EAE031B-B5DE-4F7C-9220-C67254C40B0F} = {9B609C1B-1B53-43E6-AF5D-1F574B03736C}
		{2FE3698D-14B5-4C87-B9F1-AC659D94BD59} = {C6232015-7650-4111-A276-BB1B947124F9}
		{75EECF4F-ADF4-42D8-8285-4D48B7F566CD} = {C6232015-7650-4111-A276-BB1B947124F9}
		{A0D5D89A-9692-4AF5-B5C2-14F144BFF15C} = {B2AA3986-F9BE-4A5A-A512-363D01E980FB}
		{56E49FC4-9C09-44AE-9820-4E0ADE129379} = {E905C8FC-65C2-4200-9B71-594B5EA83BD4}
		{43CCE94F-48AA-4818-8538-C085083E9D5E} = {9B609C1B-1B53-43E6-AF5D-1F574B03736C}
		{68CC8F01-EF93-4BE9-8E66-D5F4B9BE93E6} = {43CCE94F-48AA-4818-8538-C085083E9D5E}
		{C42187ED-E7F4-44F9-95D7-BEA846479AD0} = {B2AA3986-F9BE-4A5A-A512-363D01E980FB}
		{BDBDA307-30F1-4861-BF36-E9A7DC1D578C} = {B2AA3986-F9BE-4A5A-A512-363D01E980FB}
		{F4410068-D75B-4355-9AB0-2D2BF3390CA0} = {E905C8FC-65C2-4200-9B71-594B5EA83BD4}
		{FFB973B4-CA38-4DCC-9EC5-12805EF5AFC5} = {82CFE2EB-7391-4F8A-96D4-7778E84FA08A}
		{FA717AA1-0D31-4907-8767-1B52076CECB3} = {C6232015-7650-4111-A276-BB1B947124F9}
	EndGlobalSection
	GlobalSection(ExtensibilityGlobals) = postSolution
		SolutionGuid = {B97E3785-982A-4BAD-B1D6-A450D7313BFC}
	EndGlobalSection
	GlobalSection(HgVSProperties) = preSolution
		SolutionIsControlled = True
		SolutionBindings = <Solution Location In Database>
	EndGlobalSection
	GlobalSection(HgVSProperties) = preSolution
		SolutionIsControlled = True
		SolutionBindings = <Solution Location In Database>
	EndGlobalSection
	GlobalSection(HgVSProperties) = preSolution
		SolutionIsControlled = True
		SolutionBindings = <Solution Location In Database>
	EndGlobalSection
	GlobalSection(HgVSProperties) = preSolution
		SolutionIsControlled = True
		SolutionBindings = <Solution Location In Database>
	EndGlobalSection
	GlobalSection(HgVSProperties) = preSolution
		SolutionIsControlled = True
		SolutionBindings = <Solution Location In Database>
	EndGlobalSection
	GlobalSection(HgVSProperties) = preSolution
		SolutionIsControlled = True
		SolutionBindings = <Solution Location In Database>
	EndGlobalSection
	GlobalSection(HgVSProperties) = preSolution
		SolutionIsControlled = True
		SolutionBindings = <Solution Location In Database>
	EndGlobalSection
	GlobalSection(HgVSProperties) = preSolution
		SolutionIsControlled = True
		SolutionBindings = <Solution Location In Database>
	EndGlobalSection
	GlobalSection(HgVSProperties) = preSolution
		SolutionIsControlled = True
		SolutionBindings = <Solution Location In Database>
	EndGlobalSection
	GlobalSection(HgVSProperties) = preSolution
		SolutionIsControlled = True
		SolutionBindings = <Solution Location In Database>
	EndGlobalSection
	GlobalSection(HgVSProperties) = preSolution
		SolutionIsControlled = True
		SolutionBindings = <Solution Location In Database>
	EndGlobalSection
	GlobalSection(HgVSProperties) = preSolution
		SolutionIsControlled = True
		SolutionBindings = <Solution Location In Database>
	EndGlobalSection
	GlobalSection(HgVSProperties) = preSolution
		SolutionIsControlled = True
		SolutionBindings = <Solution Location In Database>
	EndGlobalSection
	GlobalSection(HgVSProperties) = preSolution
		SolutionIsControlled = True
		SolutionBindings = <Solution Location In Database>
	EndGlobalSection
	GlobalSection(HgVSProperties) = preSolution
		SolutionIsControlled = True
		SolutionBindings = <Solution Location In Database>
	EndGlobalSection
	GlobalSection(HgVSProperties) = preSolution
		SolutionIsControlled = True
		SolutionBindings = <Solution Location In Database>
	EndGlobalSection
	GlobalSection(HgVSProperties) = preSolution
		SolutionIsControlled = True
		SolutionBindings = <Solution Location In Database>
	EndGlobalSection
EndGlobal
