
Microsoft Visual Studio Solution File, Format Version 12.00
Project("{2150E333-8FDC-42A3-9474-1A3956D46DE8}") = "core", "core", "{D0FFD56B-D535-475E-86AD-A4D456ED6F43}"
EndProject
Project("{2150E333-8FDC-42A3-9474-1A3956D46DE8}") = "Apps", "Apps", "{4182E104-679C-4964-AD03-1BA574F613E9}"
EndProject
Project("{2150E333-8FDC-42A3-9474-1A3956D46DE8}") = "Data", "Data", "{E61E8393-9F2F-4F4F-B0AB-B24461B692C6}"
EndProject
Project("{2150E333-8FDC-42A3-9474-1A3956D46DE8}") = "Domain", "Domain", "{DB882C47-1582-402B-9097-8278E7BC7063}"
EndProject
Project("{2150E333-8FDC-42A3-9474-1A3956D46DE8}") = "Services", "Services", "{73CFB99C-BE76-4A87-8B57-0A7B24C2C051}"
EndProject
Project("{2150E333-8FDC-42A3-9474-1A3956D46DE8}") = "Infrastructure", "Infrastructure", "{B71C03CC-9EDE-4199-AF7A-5DF7D1EF2EBB}"
EndProject
Project("{2150E333-8FDC-42A3-9474-1A3956D46DE8}") = "Bootstrap", "Bootstrap", "{1F825E4F-7408-4915-9DB7-2D5401F2433E}"
EndProject
Project("{FAE04EC0-301F-11D3-BF4B-00C04F79EFBC}") = "sdLitica.WebAPI", "core\Apps\WebAPI\sdLitica.WebAPI\sdLitica.WebAPI.csproj", "{5DB7E23A-EFF7-4395-A94F-B005EDF06A4D}"
EndProject
Project("{FAE04EC0-301F-11D3-BF4B-00C04F79EFBC}") = "sdLitica.Messages", "core\Data\sdLitica.Messages\sdLitica.Messages.csproj", "{782173C0-EFAD-42A8-A4F1-7AC66125B573}"
EndProject
Project("{FAE04EC0-301F-11D3-BF4B-00C04F79EFBC}") = "sdLitica.Relational", "core\Data\sdLitica.Relational\sdLitica.Relational.csproj", "{6BBD8711-0E49-43B6-98EB-3D3076B4BEAA}"
EndProject
Project("{FAE04EC0-301F-11D3-BF4B-00C04F79EFBC}") = "sdLitica.TimeSeries", "core\Data\sdLitica.TimeSeries\sdLitica.TimeSeries.csproj", "{1A8B50CF-E359-4BD7-AED0-7053B37CFCF2}"
EndProject
Project("{FAE04EC0-301F-11D3-BF4B-00C04F79EFBC}") = "sdLitica.Entities", "core\Domain\sdLitica.Entities\sdLitica.Entities.csproj", "{AE2E09F7-F646-422A-91AB-4C9F1CEF4232}"
EndProject
Project("{FAE04EC0-301F-11D3-BF4B-00C04F79EFBC}") = "sdLitica.Events", "core\Domain\sdLitica.Events\sdLitica.Events.csproj", "{52EC7B44-CC76-42C4-9D74-6EFCC7B1A3C4}"
EndProject
Project("{FAE04EC0-301F-11D3-BF4B-00C04F79EFBC}") = "sdLitica.Bootstrap", "core\Infrastructure\Bootstrap\sdLitica.Management.Bootstrap\sdLitica.Bootstrap.csproj", "{52610321-D14F-448F-8419-3A37D2A31D62}"
EndProject
Project("{FAE04EC0-301F-11D3-BF4B-00C04F79EFBC}") = "sdLitica.Exceptions", "core\Infrastructure\sdLitica.Exceptions\sdLitica.Exceptions.csproj", "{1C8A2649-0A38-4291-B0D9-8B8491C5B741}"
EndProject
Project("{FAE04EC0-301F-11D3-BF4B-00C04F79EFBC}") = "sdLitica.Utils", "core\Infrastructure\sdLitica.Utils\sdLitica.Utils.csproj", "{27EF948E-7987-4610-BC8A-277C1FE142B9}"
EndProject
Project("{FAE04EC0-301F-11D3-BF4B-00C04F79EFBC}") = "sdLitica.AnalyticsManagementCore", "core\Services\sdLitica.AnalyticsManagementCore\sdLitica.AnalyticsManagementCore.csproj", "{3F49C7BC-98D7-42F1-A063-EAE39659508A}"
EndProject
Project("{FAE04EC0-301F-11D3-BF4B-00C04F79EFBC}") = "sdLitica.PlatformCore", "core\Services\sdLitica.PlatformCore\sdLitica.PlatformCore.csproj", "{9EC046F5-A7F8-40D9-968A-BBC4EDA69097}"
EndProject
Project("{FAE04EC0-301F-11D3-BF4B-00C04F79EFBC}") = "sdLitica.PlatformCore.Test", "core\Services\sdLitica.PlatformCore.Test\sdLitica.PlatformCore.Test.csproj", "{68C40ED3-E9D9-4AC7-98F3-FAF59DDE590B}"
EndProject
Project("{2150E333-8FDC-42A3-9474-1A3956D46DE8}") = "Test", "Test", "{73C36E56-F4A6-4710-89EA-D76D7B12333D}"
EndProject
Project("{FAE04EC0-301F-11D3-BF4B-00C04F79EFBC}") = "RestApiTestBase", "core\Test\RestApiTestBase\RestApiTestBase.csproj", "{1D8910C9-3A81-4AA8-93B7-F36D345D0CB3}"
EndProject
Project("{FAE04EC0-301F-11D3-BF4B-00C04F79EFBC}") = "RestApiTests", "core\Test\RestApiTests\RestApiTests.csproj", "{C597E32D-2AA2-4DA5-8A5E-46E540C649A1}"
EndProject
Project("{2150E333-8FDC-42A3-9474-1A3956D46DE8}") = "modules", "modules", "{8EB1CC68-DDBA-47A4-BE81-9038673010DB}"
EndProject
Project("{2150E333-8FDC-42A3-9474-1A3956D46DE8}") = "dotnet", "dotnet", "{E4AD5B6D-7BC2-4ADA-A887-5044899E20AE}"
EndProject
Project("{FAE04EC0-301F-11D3-BF4B-00C04F79EFBC}") = "sdLitica.FSharpAnalyticalModule", "modules\dotnet\sdLitica.FSharpAnalyticalModule\sdLitica.FSharpAnalyticalModule.csproj", "{CCD022F2-98F9-4141-B284-178BCAB84035}"
EndProject
Global
	GlobalSection(SolutionConfigurationPlatforms) = preSolution
		Debug|Any CPU = Debug|Any CPU
		Release|Any CPU = Release|Any CPU
	EndGlobalSection
	
	GlobalSection(NestedProjects) = preSolution
		{4182E104-679C-4964-AD03-1BA574F613E9} = {D0FFD56B-D535-475E-86AD-A4D456ED6F43}
		{E61E8393-9F2F-4F4F-B0AB-B24461B692C6} = {D0FFD56B-D535-475E-86AD-A4D456ED6F43}
		{DB882C47-1582-402B-9097-8278E7BC7063} = {D0FFD56B-D535-475E-86AD-A4D456ED6F43}
		{73CFB99C-BE76-4A87-8B57-0A7B24C2C051} = {D0FFD56B-D535-475E-86AD-A4D456ED6F43}
		{B71C03CC-9EDE-4199-AF7A-5DF7D1EF2EBB} = {D0FFD56B-D535-475E-86AD-A4D456ED6F43}
		{1F825E4F-7408-4915-9DB7-2D5401F2433E} = {B71C03CC-9EDE-4199-AF7A-5DF7D1EF2EBB}
		{5DB7E23A-EFF7-4395-A94F-B005EDF06A4D} = {4182E104-679C-4964-AD03-1BA574F613E9}
		{782173C0-EFAD-42A8-A4F1-7AC66125B573} = {E61E8393-9F2F-4F4F-B0AB-B24461B692C6}
		{6BBD8711-0E49-43B6-98EB-3D3076B4BEAA} = {E61E8393-9F2F-4F4F-B0AB-B24461B692C6}
		{1A8B50CF-E359-4BD7-AED0-7053B37CFCF2} = {E61E8393-9F2F-4F4F-B0AB-B24461B692C6}
		{AE2E09F7-F646-422A-91AB-4C9F1CEF4232} = {DB882C47-1582-402B-9097-8278E7BC7063}
		{52EC7B44-CC76-42C4-9D74-6EFCC7B1A3C4} = {DB882C47-1582-402B-9097-8278E7BC7063}
		{52610321-D14F-448F-8419-3A37D2A31D62} = {1F825E4F-7408-4915-9DB7-2D5401F2433E}
		{1C8A2649-0A38-4291-B0D9-8B8491C5B741} = {B71C03CC-9EDE-4199-AF7A-5DF7D1EF2EBB}
		{27EF948E-7987-4610-BC8A-277C1FE142B9} = {B71C03CC-9EDE-4199-AF7A-5DF7D1EF2EBB}
		{3F49C7BC-98D7-42F1-A063-EAE39659508A} = {73CFB99C-BE76-4A87-8B57-0A7B24C2C051}
		{9EC046F5-A7F8-40D9-968A-BBC4EDA69097} = {73CFB99C-BE76-4A87-8B57-0A7B24C2C051}
		{68C40ED3-E9D9-4AC7-98F3-FAF59DDE590B} = {73CFB99C-BE76-4A87-8B57-0A7B24C2C051}
		{73C36E56-F4A6-4710-89EA-D76D7B12333D} = {D0FFD56B-D535-475E-86AD-A4D456ED6F43}
		{1D8910C9-3A81-4AA8-93B7-F36D345D0CB3} = {73C36E56-F4A6-4710-89EA-D76D7B12333D}
		{C597E32D-2AA2-4DA5-8A5E-46E540C649A1} = {73C36E56-F4A6-4710-89EA-D76D7B12333D}
		{E4AD5B6D-7BC2-4ADA-A887-5044899E20AE} = {8EB1CC68-DDBA-47A4-BE81-9038673010DB}
		{CCD022F2-98F9-4141-B284-178BCAB84035} = {E4AD5B6D-7BC2-4ADA-A887-5044899E20AE}
	EndGlobalSection
	GlobalSection(ProjectConfigurationPlatforms) = postSolution
		{5DB7E23A-EFF7-4395-A94F-B005EDF06A4D}.Debug|Any CPU.ActiveCfg = Debug|Any CPU
		{5DB7E23A-EFF7-4395-A94F-B005EDF06A4D}.Debug|Any CPU.Build.0 = Debug|Any CPU
		{5DB7E23A-EFF7-4395-A94F-B005EDF06A4D}.Release|Any CPU.ActiveCfg = Release|Any CPU
		{5DB7E23A-EFF7-4395-A94F-B005EDF06A4D}.Release|Any CPU.Build.0 = Release|Any CPU
		{782173C0-EFAD-42A8-A4F1-7AC66125B573}.Debug|Any CPU.ActiveCfg = Debug|Any CPU
		{782173C0-EFAD-42A8-A4F1-7AC66125B573}.Debug|Any CPU.Build.0 = Debug|Any CPU
		{782173C0-EFAD-42A8-A4F1-7AC66125B573}.Release|Any CPU.ActiveCfg = Release|Any CPU
		{782173C0-EFAD-42A8-A4F1-7AC66125B573}.Release|Any CPU.Build.0 = Release|Any CPU
		{6BBD8711-0E49-43B6-98EB-3D3076B4BEAA}.Debug|Any CPU.ActiveCfg = Debug|Any CPU
		{6BBD8711-0E49-43B6-98EB-3D3076B4BEAA}.Debug|Any CPU.Build.0 = Debug|Any CPU
		{6BBD8711-0E49-43B6-98EB-3D3076B4BEAA}.Release|Any CPU.ActiveCfg = Release|Any CPU
		{6BBD8711-0E49-43B6-98EB-3D3076B4BEAA}.Release|Any CPU.Build.0 = Release|Any CPU
		{1A8B50CF-E359-4BD7-AED0-7053B37CFCF2}.Debug|Any CPU.ActiveCfg = Debug|Any CPU
		{1A8B50CF-E359-4BD7-AED0-7053B37CFCF2}.Debug|Any CPU.Build.0 = Debug|Any CPU
		{1A8B50CF-E359-4BD7-AED0-7053B37CFCF2}.Release|Any CPU.ActiveCfg = Release|Any CPU
		{1A8B50CF-E359-4BD7-AED0-7053B37CFCF2}.Release|Any CPU.Build.0 = Release|Any CPU
		{AE2E09F7-F646-422A-91AB-4C9F1CEF4232}.Debug|Any CPU.ActiveCfg = Debug|Any CPU
		{AE2E09F7-F646-422A-91AB-4C9F1CEF4232}.Debug|Any CPU.Build.0 = Debug|Any CPU
		{AE2E09F7-F646-422A-91AB-4C9F1CEF4232}.Release|Any CPU.ActiveCfg = Release|Any CPU
		{AE2E09F7-F646-422A-91AB-4C9F1CEF4232}.Release|Any CPU.Build.0 = Release|Any CPU
		{52EC7B44-CC76-42C4-9D74-6EFCC7B1A3C4}.Debug|Any CPU.ActiveCfg = Debug|Any CPU
		{52EC7B44-CC76-42C4-9D74-6EFCC7B1A3C4}.Debug|Any CPU.Build.0 = Debug|Any CPU
		{52EC7B44-CC76-42C4-9D74-6EFCC7B1A3C4}.Release|Any CPU.ActiveCfg = Release|Any CPU
		{52EC7B44-CC76-42C4-9D74-6EFCC7B1A3C4}.Release|Any CPU.Build.0 = Release|Any CPU
		{52610321-D14F-448F-8419-3A37D2A31D62}.Debug|Any CPU.ActiveCfg = Debug|Any CPU
		{52610321-D14F-448F-8419-3A37D2A31D62}.Debug|Any CPU.Build.0 = Debug|Any CPU
		{52610321-D14F-448F-8419-3A37D2A31D62}.Release|Any CPU.ActiveCfg = Release|Any CPU
		{52610321-D14F-448F-8419-3A37D2A31D62}.Release|Any CPU.Build.0 = Release|Any CPU
		{1C8A2649-0A38-4291-B0D9-8B8491C5B741}.Debug|Any CPU.ActiveCfg = Debug|Any CPU
		{1C8A2649-0A38-4291-B0D9-8B8491C5B741}.Debug|Any CPU.Build.0 = Debug|Any CPU
		{1C8A2649-0A38-4291-B0D9-8B8491C5B741}.Release|Any CPU.ActiveCfg = Release|Any CPU
		{1C8A2649-0A38-4291-B0D9-8B8491C5B741}.Release|Any CPU.Build.0 = Release|Any CPU
		{27EF948E-7987-4610-BC8A-277C1FE142B9}.Debug|Any CPU.ActiveCfg = Debug|Any CPU
		{27EF948E-7987-4610-BC8A-277C1FE142B9}.Debug|Any CPU.Build.0 = Debug|Any CPU
		{27EF948E-7987-4610-BC8A-277C1FE142B9}.Release|Any CPU.ActiveCfg = Release|Any CPU
		{27EF948E-7987-4610-BC8A-277C1FE142B9}.Release|Any CPU.Build.0 = Release|Any CPU
		{3F49C7BC-98D7-42F1-A063-EAE39659508A}.Debug|Any CPU.ActiveCfg = Debug|Any CPU
		{3F49C7BC-98D7-42F1-A063-EAE39659508A}.Debug|Any CPU.Build.0 = Debug|Any CPU
		{3F49C7BC-98D7-42F1-A063-EAE39659508A}.Release|Any CPU.ActiveCfg = Release|Any CPU
		{3F49C7BC-98D7-42F1-A063-EAE39659508A}.Release|Any CPU.Build.0 = Release|Any CPU
		{9EC046F5-A7F8-40D9-968A-BBC4EDA69097}.Debug|Any CPU.ActiveCfg = Debug|Any CPU
		{9EC046F5-A7F8-40D9-968A-BBC4EDA69097}.Debug|Any CPU.Build.0 = Debug|Any CPU
		{9EC046F5-A7F8-40D9-968A-BBC4EDA69097}.Release|Any CPU.ActiveCfg = Release|Any CPU
		{9EC046F5-A7F8-40D9-968A-BBC4EDA69097}.Release|Any CPU.Build.0 = Release|Any CPU
		{68C40ED3-E9D9-4AC7-98F3-FAF59DDE590B}.Debug|Any CPU.ActiveCfg = Debug|Any CPU
		{68C40ED3-E9D9-4AC7-98F3-FAF59DDE590B}.Debug|Any CPU.Build.0 = Debug|Any CPU
		{68C40ED3-E9D9-4AC7-98F3-FAF59DDE590B}.Release|Any CPU.ActiveCfg = Release|Any CPU
		{68C40ED3-E9D9-4AC7-98F3-FAF59DDE590B}.Release|Any CPU.Build.0 = Release|Any CPU
		{1D8910C9-3A81-4AA8-93B7-F36D345D0CB3}.Debug|Any CPU.ActiveCfg = Debug|Any CPU
		{1D8910C9-3A81-4AA8-93B7-F36D345D0CB3}.Debug|Any CPU.Build.0 = Debug|Any CPU
		{1D8910C9-3A81-4AA8-93B7-F36D345D0CB3}.Release|Any CPU.ActiveCfg = Release|Any CPU
		{1D8910C9-3A81-4AA8-93B7-F36D345D0CB3}.Release|Any CPU.Build.0 = Release|Any CPU
		{C597E32D-2AA2-4DA5-8A5E-46E540C649A1}.Debug|Any CPU.ActiveCfg = Debug|Any CPU
		{C597E32D-2AA2-4DA5-8A5E-46E540C649A1}.Debug|Any CPU.Build.0 = Debug|Any CPU
		{C597E32D-2AA2-4DA5-8A5E-46E540C649A1}.Release|Any CPU.ActiveCfg = Release|Any CPU
		{C597E32D-2AA2-4DA5-8A5E-46E540C649A1}.Release|Any CPU.Build.0 = Release|Any CPU
		{CCD022F2-98F9-4141-B284-178BCAB84035}.Debug|Any CPU.ActiveCfg = Debug|Any CPU
		{CCD022F2-98F9-4141-B284-178BCAB84035}.Debug|Any CPU.Build.0 = Debug|Any CPU
		{CCD022F2-98F9-4141-B284-178BCAB84035}.Release|Any CPU.ActiveCfg = Release|Any CPU
		{CCD022F2-98F9-4141-B284-178BCAB84035}.Release|Any CPU.Build.0 = Release|Any CPU
	EndGlobalSection
EndGlobal
