
Microsoft Visual Studio Solution File, Format Version 12.00
Project("{9A19103F-16F7-4668-BE54-9A1E7A4F7556}") = "sdLitica.FSharpAnalyticalModule", "sdLitica.FSharpAnalyticalModule\sdLitica.FSharpAnalyticalModule.csproj", "{D0FD5A77-E4CB-499D-8A83-8336C57AB947}"
EndProject
Global
	GlobalSection(SolutionConfigurationPlatforms) = preSolution
		Debug|Any CPU = Debug|Any CPU
		Release|Any CPU = Release|Any CPU
	EndGlobalSection
	GlobalSection(ProjectConfigurationPlatforms) = postSolution
		{D0FD5A77-E4CB-499D-8A83-8336C57AB947}.Debug|Any CPU.ActiveCfg = Debug|Any CPU
		{D0FD5A77-E4CB-499D-8A83-8336C57AB947}.Debug|Any CPU.Build.0 = Debug|Any CPU
		{D0FD5A77-E4CB-499D-8A83-8336C57AB947}.Release|Any CPU.ActiveCfg = Release|Any CPU
		{D0FD5A77-E4CB-499D-8A83-8336C57AB947}.Release|Any CPU.Build.0 = Release|Any CPU
	EndGlobalSection
	GlobalSection(NestedProjects) = preSolution
	EndGlobalSection
EndGlobal
