
Microsoft Visual Studio Solution File, Format Version 12.00
Project("{2150E333-8FDC-42A3-9474-1A3956D46DE8}") = "Apps", "Apps", "{8FE086CE-F36E-4C43-9FC9-AEDADB0DD7A6}"
EndProject
Project("{2150E333-8FDC-42A3-9474-1A3956D46DE8}") = "Data", "Data", "{B2AA3986-F9BE-4A5A-A512-363D01E980FB}"
EndProject
Project("{2150E333-8FDC-42A3-9474-1A3956D46DE8}") = "Domain", "Domain", "{E905C8FC-65C2-4200-9B71-594B5EA83BD4}"
EndProject
Project("{2150E333-8FDC-42A3-9474-1A3956D46DE8}") = "Services", "Services", "{C6232015-7650-4111-A276-BB1B947124F9}"
EndProject
Project("{2150E333-8FDC-42A3-9474-1A3956D46DE8}") = "Bootstrap", "Bootstrap", "{43CCE94F-48AA-4818-8538-C085083E9D5E}"
EndProject
Project("{2150E333-8FDC-42A3-9474-1A3956D46DE8}") = "Infrastructure", "Infrastructure", "{9B609C1B-1B53-43E6-AF5D-1F574B03736C}"
EndProject
Project("{9A19103F-16F7-4668-BE54-9A1E7A4F7556}") = "sdLitica.WebAPI", "Apps\WebAPI\sdLitica.WebAPI\sdLitica.WebAPI.csproj", "{BBCA473A-1CAB-4C97-8D19-633C9DFF4969}"
EndProject
Project("{9A19103F-16F7-4668-BE54-9A1E7A4F7556}") = "sdLitica.Bootstrap", "Infrastructure\Bootstrap\sdLitica.Management.Bootstrap\sdLitica.Bootstrap.csproj", "{73E66387-4ACC-487B-8674-4A9077E7E9D4}"
EndProject
Project("{9A19103F-16F7-4668-BE54-9A1E7A4F7556}") = "sdLitica.Exceptions", "Infrastructure\sdLitica.Exceptions\sdLitica.Exceptions.csproj", "{7B1E4C0A-B9B6-4DCA-AC1D-C76E365C1C4F}"
EndProject
Project("{9A19103F-16F7-4668-BE54-9A1E7A4F7556}") = "sdLitica.Utils", "Infrastructure\sdLitica.Utils\sdLitica.Utils.csproj", "{B99D4E0A-1F92-45C8-AEFD-CC874F815399}"
EndProject
Project("{9A19103F-16F7-4668-BE54-9A1E7A4F7556}") = "sdLitica.Messages", "Data\sdLitica.Messages\sdLitica.Messages.csproj", "{42A51950-BEB6-459B-9F59-2A9908825E3E}"
EndProject
Project("{9A19103F-16F7-4668-BE54-9A1E7A4F7556}") = "sdLitica.Relational", "Data\sdLitica.Relational\sdLitica.Relational.csproj", "{16C4E620-B1E9-4982-AA66-53878D3888BF}"
EndProject
Project("{9A19103F-16F7-4668-BE54-9A1E7A4F7556}") = "sdLitica.TimeSeries", "Data\sdLitica.TimeSeries\sdLitica.TimeSeries.csproj", "{310DA70F-D266-46B5-A64E-2B990203A42E}"
EndProject
Project("{9A19103F-16F7-4668-BE54-9A1E7A4F7556}") = "sdLitica.PlatformCore", "Services\sdLitica.PlatformCore\sdLitica.PlatformCore.csproj", "{3A63F9EA-A894-4247-9BE9-48606AF037A7}"
EndProject
Project("{9A19103F-16F7-4668-BE54-9A1E7A4F7556}") = "sdLitica.PlatformCore.Test", "Services\sdLitica.PlatformCore.Test\sdLitica.PlatformCore.Test.csproj", "{FB8A33AE-1840-4632-9046-E1D7676F537D}"
EndProject
Project("{9A19103F-16F7-4668-BE54-9A1E7A4F7556}") = "sdLitica.AnalyticsManagementCore", "Services\sdLitica.AnalyticsManagementCore\sdLitica.AnalyticsManagementCore.csproj", "{F3FF1308-48B3-47E2-A001-E54186252354}"
EndProject
Project("{9A19103F-16F7-4668-BE54-9A1E7A4F7556}") = "sdLitica.Events", "Domain\sdLitica.Events\sdLitica.Events.csproj", "{C3086682-C96E-4F69-9623-F8834D9FD8A9}"
EndProject
Project("{9A19103F-16F7-4668-BE54-9A1E7A4F7556}") = "sdLitica.Entities", "Domain\sdLitica.Entities\sdLitica.Entities.csproj", "{C7F6F87E-9571-4182-8A73-3873339CD75A}"
EndProject
Global
	GlobalSection(SolutionConfigurationPlatforms) = preSolution
		Debug|Any CPU = Debug|Any CPU
		Release|Any CPU = Release|Any CPU
	EndGlobalSection
	GlobalSection(ProjectConfigurationPlatforms) = postSolution
		{BBCA473A-1CAB-4C97-8D19-633C9DFF4969}.Debug|Any CPU.ActiveCfg = Debug|Any CPU
		{BBCA473A-1CAB-4C97-8D19-633C9DFF4969}.Debug|Any CPU.Build.0 = Debug|Any CPU
		{BBCA473A-1CAB-4C97-8D19-633C9DFF4969}.Release|Any CPU.ActiveCfg = Release|Any CPU
		{BBCA473A-1CAB-4C97-8D19-633C9DFF4969}.Release|Any CPU.Build.0 = Release|Any CPU
		{73E66387-4ACC-487B-8674-4A9077E7E9D4}.Debug|Any CPU.ActiveCfg = Debug|Any CPU
		{73E66387-4ACC-487B-8674-4A9077E7E9D4}.Debug|Any CPU.Build.0 = Debug|Any CPU
		{73E66387-4ACC-487B-8674-4A9077E7E9D4}.Release|Any CPU.ActiveCfg = Release|Any CPU
		{73E66387-4ACC-487B-8674-4A9077E7E9D4}.Release|Any CPU.Build.0 = Release|Any CPU
		{7B1E4C0A-B9B6-4DCA-AC1D-C76E365C1C4F}.Debug|Any CPU.ActiveCfg = Debug|Any CPU
		{7B1E4C0A-B9B6-4DCA-AC1D-C76E365C1C4F}.Debug|Any CPU.Build.0 = Debug|Any CPU
		{7B1E4C0A-B9B6-4DCA-AC1D-C76E365C1C4F}.Release|Any CPU.ActiveCfg = Release|Any CPU
		{7B1E4C0A-B9B6-4DCA-AC1D-C76E365C1C4F}.Release|Any CPU.Build.0 = Release|Any CPU
		{B99D4E0A-1F92-45C8-AEFD-CC874F815399}.Debug|Any CPU.ActiveCfg = Debug|Any CPU
		{B99D4E0A-1F92-45C8-AEFD-CC874F815399}.Debug|Any CPU.Build.0 = Debug|Any CPU
		{B99D4E0A-1F92-45C8-AEFD-CC874F815399}.Release|Any CPU.ActiveCfg = Release|Any CPU
		{B99D4E0A-1F92-45C8-AEFD-CC874F815399}.Release|Any CPU.Build.0 = Release|Any CPU
		{42A51950-BEB6-459B-9F59-2A9908825E3E}.Debug|Any CPU.ActiveCfg = Debug|Any CPU
		{42A51950-BEB6-459B-9F59-2A9908825E3E}.Debug|Any CPU.Build.0 = Debug|Any CPU
		{42A51950-BEB6-459B-9F59-2A9908825E3E}.Release|Any CPU.ActiveCfg = Release|Any CPU
		{42A51950-BEB6-459B-9F59-2A9908825E3E}.Release|Any CPU.Build.0 = Release|Any CPU
		{16C4E620-B1E9-4982-AA66-53878D3888BF}.Debug|Any CPU.ActiveCfg = Debug|Any CPU
		{16C4E620-B1E9-4982-AA66-53878D3888BF}.Debug|Any CPU.Build.0 = Debug|Any CPU
		{16C4E620-B1E9-4982-AA66-53878D3888BF}.Release|Any CPU.ActiveCfg = Release|Any CPU
		{16C4E620-B1E9-4982-AA66-53878D3888BF}.Release|Any CPU.Build.0 = Release|Any CPU
		{310DA70F-D266-46B5-A64E-2B990203A42E}.Debug|Any CPU.ActiveCfg = Debug|Any CPU
		{310DA70F-D266-46B5-A64E-2B990203A42E}.Debug|Any CPU.Build.0 = Debug|Any CPU
		{310DA70F-D266-46B5-A64E-2B990203A42E}.Release|Any CPU.ActiveCfg = Release|Any CPU
		{310DA70F-D266-46B5-A64E-2B990203A42E}.Release|Any CPU.Build.0 = Release|Any CPU
		{F3FF1308-48B3-47E2-A001-E54186252354}.Debug|Any CPU.ActiveCfg = Debug|Any CPU
		{F3FF1308-48B3-47E2-A001-E54186252354}.Debug|Any CPU.Build.0 = Debug|Any CPU
		{F3FF1308-48B3-47E2-A001-E54186252354}.Release|Any CPU.ActiveCfg = Release|Any CPU
		{F3FF1308-48B3-47E2-A001-E54186252354}.Release|Any CPU.Build.0 = Release|Any CPU
		{3A63F9EA-A894-4247-9BE9-48606AF037A7}.Debug|Any CPU.ActiveCfg = Debug|Any CPU
		{3A63F9EA-A894-4247-9BE9-48606AF037A7}.Debug|Any CPU.Build.0 = Debug|Any CPU
		{3A63F9EA-A894-4247-9BE9-48606AF037A7}.Release|Any CPU.ActiveCfg = Release|Any CPU
		{3A63F9EA-A894-4247-9BE9-48606AF037A7}.Release|Any CPU.Build.0 = Release|Any CPU
		{FB8A33AE-1840-4632-9046-E1D7676F537D}.Debug|Any CPU.ActiveCfg = Debug|Any CPU
		{FB8A33AE-1840-4632-9046-E1D7676F537D}.Debug|Any CPU.Build.0 = Debug|Any CPU
		{FB8A33AE-1840-4632-9046-E1D7676F537D}.Release|Any CPU.ActiveCfg = Release|Any CPU
		{FB8A33AE-1840-4632-9046-E1D7676F537D}.Release|Any CPU.Build.0 = Release|Any CPU
		{C7F6F87E-9571-4182-8A73-3873339CD75A}.Debug|Any CPU.ActiveCfg = Debug|Any CPU
		{C7F6F87E-9571-4182-8A73-3873339CD75A}.Debug|Any CPU.Build.0 = Debug|Any CPU
		{C7F6F87E-9571-4182-8A73-3873339CD75A}.Release|Any CPU.ActiveCfg = Release|Any CPU
		{C7F6F87E-9571-4182-8A73-3873339CD75A}.Release|Any CPU.Build.0 = Release|Any CPU
		{C3086682-C96E-4F69-9623-F8834D9FD8A9}.Debug|Any CPU.ActiveCfg = Debug|Any CPU
		{C3086682-C96E-4F69-9623-F8834D9FD8A9}.Debug|Any CPU.Build.0 = Debug|Any CPU
		{C3086682-C96E-4F69-9623-F8834D9FD8A9}.Release|Any CPU.ActiveCfg = Release|Any CPU
		{C3086682-C96E-4F69-9623-F8834D9FD8A9}.Release|Any CPU.Build.0 = Release|Any CPU
	EndGlobalSection
	GlobalSection(NestedProjects) = preSolution
		{BBCA473A-1CAB-4C97-8D19-633C9DFF4969} = {8FE086CE-F36E-4C43-9FC9-AEDADB0DD7A6}
		{43CCE94F-48AA-4818-8538-C085083E9D5E} = {9B609C1B-1B53-43E6-AF5D-1F574B03736C}
		{73E66387-4ACC-487B-8674-4A9077E7E9D4} = {43CCE94F-48AA-4818-8538-C085083E9D5E}
		{7B1E4C0A-B9B6-4DCA-AC1D-C76E365C1C4F} = {9B609C1B-1B53-43E6-AF5D-1F574B03736C}
		{B99D4E0A-1F92-45C8-AEFD-CC874F815399} = {9B609C1B-1B53-43E6-AF5D-1F574B03736C}
		{42A51950-BEB6-459B-9F59-2A9908825E3E} = {B2AA3986-F9BE-4A5A-A512-363D01E980FB}
		{16C4E620-B1E9-4982-AA66-53878D3888BF} = {B2AA3986-F9BE-4A5A-A512-363D01E980FB}
		{310DA70F-D266-46B5-A64E-2B990203A42E} = {B2AA3986-F9BE-4A5A-A512-363D01E980FB}
		{F3FF1308-48B3-47E2-A001-E54186252354} = {C6232015-7650-4111-A276-BB1B947124F9}
		{3A63F9EA-A894-4247-9BE9-48606AF037A7} = {C6232015-7650-4111-A276-BB1B947124F9}
		{FB8A33AE-1840-4632-9046-E1D7676F537D} = {C6232015-7650-4111-A276-BB1B947124F9}
		{C7F6F87E-9571-4182-8A73-3873339CD75A} = {E905C8FC-65C2-4200-9B71-594B5EA83BD4}
		{C3086682-C96E-4F69-9623-F8834D9FD8A9} = {E905C8FC-65C2-4200-9B71-594B5EA83BD4}
	EndGlobalSection
EndGlobal
